
Microsoft Visual Studio Solution File, Format Version 12.00
# Visual Studio Version 17
VisualStudioVersion = 17.0.32014.148
MinimumVisualStudioVersion = 10.0.40219.1
Project("{FAE04EC0-301F-11D3-BF4B-00C04F79EFBC}") = "PrefixTree", "PrefixTree.csproj", "{206C2684-8554-4804-88AC-FDFFF672C7AB}"
EndProject
Global
	GlobalSection(SolutionConfigurationPlatforms) = preSolution
		Debug|Any CPU = Debug|Any CPU
		Release|Any CPU = Release|Any CPU
	EndGlobalSection
	GlobalSection(ProjectConfigurationPlatforms) = postSolution
		{206C2684-8554-4804-88AC-FDFFF672C7AB}.Debug|Any CPU.ActiveCfg = Debug|Any CPU
		{206C2684-8554-4804-88AC-FDFFF672C7AB}.Debug|Any CPU.Build.0 = Debug|Any CPU
		{206C2684-8554-4804-88AC-FDFFF672C7AB}.Release|Any CPU.ActiveCfg = Release|Any CPU
		{206C2684-8554-4804-88AC-FDFFF672C7AB}.Release|Any CPU.Build.0 = Release|Any CPU
	EndGlobalSection
	GlobalSection(SolutionProperties) = preSolution
		HideSolutionNode = FALSE
	EndGlobalSection
	GlobalSection(ExtensibilityGlobals) = postSolution
		SolutionGuid = {1F1A664C-FF75-49B9-9A9B-3F96EA50735A}
	EndGlobalSection
EndGlobal
